
Microsoft Visual Studio Solution File, Format Version 12.00
# Visual Studio Version 16
VisualStudioVersion = 16.0.29424.173
MinimumVisualStudioVersion = 10.0.40219.1
Project("{8BC9CEB8-8B4A-11D0-8D11-00A0C91BC942}") = "Week13", "Week13\Week13.vcxproj", "{751F56B2-C75F-4FE3-AF35-4ED462E8CE5F}"
EndProject
Global
	GlobalSection(SolutionConfigurationPlatforms) = preSolution
		Debug|x64 = Debug|x64
		Debug|x86 = Debug|x86
		Release|x64 = Release|x64
		Release|x86 = Release|x86
	EndGlobalSection
	GlobalSection(ProjectConfigurationPlatforms) = postSolution
		{751F56B2-C75F-4FE3-AF35-4ED462E8CE5F}.Debug|x64.ActiveCfg = Debug|x64
		{751F56B2-C75F-4FE3-AF35-4ED462E8CE5F}.Debug|x64.Build.0 = Debug|x64
		{751F56B2-C75F-4FE3-AF35-4ED462E8CE5F}.Debug|x86.ActiveCfg = Debug|Win32
		{751F56B2-C75F-4FE3-AF35-4ED462E8CE5F}.Debug|x86.Build.0 = Debug|Win32
		{751F56B2-C75F-4FE3-AF35-4ED462E8CE5F}.Release|x64.ActiveCfg = Release|x64
		{751F56B2-C75F-4FE3-AF35-4ED462E8CE5F}.Release|x64.Build.0 = Release|x64
		{751F56B2-C75F-4FE3-AF35-4ED462E8CE5F}.Release|x86.ActiveCfg = Release|Win32
		{751F56B2-C75F-4FE3-AF35-4ED462E8CE5F}.Release|x86.Build.0 = Release|Win32
	EndGlobalSection
	GlobalSection(SolutionProperties) = preSolution
		HideSolutionNode = FALSE
	EndGlobalSection
	GlobalSection(ExtensibilityGlobals) = postSolution
		SolutionGuid = {0D6F1EC5-BD99-4DB2-A262-5306B9E21C9B}
	EndGlobalSection
EndGlobal
